
Microsoft Visual Studio Solution File, Format Version 12.00
# Visual Studio Version 16
VisualStudioVersion = 16.0.28922.388
MinimumVisualStudioVersion = 10.0.40219.1
Project("{888888A0-9F3D-457C-B088-3A5042F75D52}") = "AzureSeleniumAutomationPythonSampleApp", "AzureSeleniumAutomationPythonSampleApp\ASAP.pyproj", "{45C5806A-E756-4FA8-95CA-57F0F6161252}"
EndProject
Global
	GlobalSection(SolutionConfigurationPlatforms) = preSolution
		Debug|Any CPU = Debug|Any CPU
		Release|Any CPU = Release|Any CPU
	EndGlobalSection
	GlobalSection(ProjectConfigurationPlatforms) = postSolution
		{45C5806A-E756-4FA8-95CA-57F0F6161252}.Debug|Any CPU.ActiveCfg = Debug|Any CPU
		{45C5806A-E756-4FA8-95CA-57F0F6161252}.Release|Any CPU.ActiveCfg = Release|Any CPU
	EndGlobalSection
	GlobalSection(SolutionProperties) = preSolution
		HideSolutionNode = FALSE
	EndGlobalSection
	GlobalSection(ExtensibilityGlobals) = postSolution
		SolutionGuid = {136ECEE5-9D37-4F04-8C79-46025D50CD4A}
	EndGlobalSection
EndGlobal
